
Microsoft Visual Studio Solution File, Format Version 12.00
# Visual Studio Version 17
VisualStudioVersion = 17.2.32427.441
MinimumVisualStudioVersion = 10.0.40219.1
Project("{FAE04EC0-301F-11D3-BF4B-00C04F79EFBC}") = "HRMS", "HRMS\HRMS.csproj", "{CCE5A7AC-C951-4354-B374-7090F04814A6}"
EndProject
Project("{FAE04EC0-301F-11D3-BF4B-00C04F79EFBC}") = "HRMS.Comman", "HRMS.Comman\HRMS.Comman.csproj", "{8594A430-B24E-4433-85CF-9D77ECBE0F33}"
EndProject
Project("{FAE04EC0-301F-11D3-BF4B-00C04F79EFBC}") = "HRMS.Business", "HRMS.Business\HRMS.Business.csproj", "{19880C2C-2DEF-4614-A6C4-A0571AC866E6}"
EndProject
Project("{FAE04EC0-301F-11D3-BF4B-00C04F79EFBC}") = "HRMS.EFDb", "HRMS.EFDb\HRMS.EFDb.csproj", "{4F3EC491-9BF3-46D7-BB16-B76E27391694}"
EndProject
Global
	GlobalSection(SolutionConfigurationPlatforms) = preSolution
		Debug|Any CPU = Debug|Any CPU
		Release|Any CPU = Release|Any CPU
	EndGlobalSection
	GlobalSection(ProjectConfigurationPlatforms) = postSolution
		{CCE5A7AC-C951-4354-B374-7090F04814A6}.Debug|Any CPU.ActiveCfg = Debug|Any CPU
		{CCE5A7AC-C951-4354-B374-7090F04814A6}.Debug|Any CPU.Build.0 = Debug|Any CPU
		{CCE5A7AC-C951-4354-B374-7090F04814A6}.Release|Any CPU.ActiveCfg = Release|Any CPU
		{CCE5A7AC-C951-4354-B374-7090F04814A6}.Release|Any CPU.Build.0 = Release|Any CPU
		{8594A430-B24E-4433-85CF-9D77ECBE0F33}.Debug|Any CPU.ActiveCfg = Debug|Any CPU
		{8594A430-B24E-4433-85CF-9D77ECBE0F33}.Debug|Any CPU.Build.0 = Debug|Any CPU
		{8594A430-B24E-4433-85CF-9D77ECBE0F33}.Release|Any CPU.ActiveCfg = Release|Any CPU
		{8594A430-B24E-4433-85CF-9D77ECBE0F33}.Release|Any CPU.Build.0 = Release|Any CPU
		{19880C2C-2DEF-4614-A6C4-A0571AC866E6}.Debug|Any CPU.ActiveCfg = Debug|Any CPU
		{19880C2C-2DEF-4614-A6C4-A0571AC866E6}.Debug|Any CPU.Build.0 = Debug|Any CPU
		{19880C2C-2DEF-4614-A6C4-A0571AC866E6}.Release|Any CPU.ActiveCfg = Release|Any CPU
		{19880C2C-2DEF-4614-A6C4-A0571AC866E6}.Release|Any CPU.Build.0 = Release|Any CPU
		{4F3EC491-9BF3-46D7-BB16-B76E27391694}.Debug|Any CPU.ActiveCfg = Debug|Any CPU
		{4F3EC491-9BF3-46D7-BB16-B76E27391694}.Debug|Any CPU.Build.0 = Debug|Any CPU
		{4F3EC491-9BF3-46D7-BB16-B76E27391694}.Release|Any CPU.ActiveCfg = Release|Any CPU
		{4F3EC491-9BF3-46D7-BB16-B76E27391694}.Release|Any CPU.Build.0 = Release|Any CPU
	EndGlobalSection
	GlobalSection(SolutionProperties) = preSolution
		HideSolutionNode = FALSE
	EndGlobalSection
	GlobalSection(ExtensibilityGlobals) = postSolution
		SolutionGuid = {9A721E51-43A9-4C61-B280-0911B6CB6C04}
	EndGlobalSection
EndGlobal
